
Microsoft Visual Studio Solution File, Format Version 12.00
# Visual Studio Version 16
VisualStudioVersion = 16.0.30907.101
MinimumVisualStudioVersion = 10.0.40219.1
Project("{8BC9CEB8-8B4A-11D0-8D11-00A0C91BC942}") = "Templates and Operator Overloading", "Templates and Operator Overloading\Templates and Operator Overloading.vcxproj", "{17E74845-E163-4FB9-B763-5A164C80EA52}"
EndProject
Global
	GlobalSection(SolutionConfigurationPlatforms) = preSolution
		Debug|x64 = Debug|x64
		Debug|x86 = Debug|x86
		Release|x64 = Release|x64
		Release|x86 = Release|x86
	EndGlobalSection
	GlobalSection(ProjectConfigurationPlatforms) = postSolution
		{17E74845-E163-4FB9-B763-5A164C80EA52}.Debug|x64.ActiveCfg = Debug|x64
		{17E74845-E163-4FB9-B763-5A164C80EA52}.Debug|x64.Build.0 = Debug|x64
		{17E74845-E163-4FB9-B763-5A164C80EA52}.Debug|x86.ActiveCfg = Debug|Win32
		{17E74845-E163-4FB9-B763-5A164C80EA52}.Debug|x86.Build.0 = Debug|Win32
		{17E74845-E163-4FB9-B763-5A164C80EA52}.Release|x64.ActiveCfg = Release|x64
		{17E74845-E163-4FB9-B763-5A164C80EA52}.Release|x64.Build.0 = Release|x64
		{17E74845-E163-4FB9-B763-5A164C80EA52}.Release|x86.ActiveCfg = Release|Win32
		{17E74845-E163-4FB9-B763-5A164C80EA52}.Release|x86.Build.0 = Release|Win32
	EndGlobalSection
	GlobalSection(SolutionProperties) = preSolution
		HideSolutionNode = FALSE
	EndGlobalSection
	GlobalSection(ExtensibilityGlobals) = postSolution
		SolutionGuid = {44BDB5EA-749A-44A6-858E-6FC4F94144DC}
	EndGlobalSection
EndGlobal
